
Microsoft Visual Studio Solution File, Format Version 12.00
# Visual Studio Version 17
VisualStudioVersion = 17.7.34031.279
MinimumVisualStudioVersion = 10.0.40219.1
Project("{8BC9CEB8-8B4A-11D0-8D11-00A0C91BC942}") = "WECODE", "WECODE.vcxproj", "{C43972E2-6270-447A-A440-9ED9CCD9B699}"
EndProject
Project("{8BC9CEB8-8B4A-11D0-8D11-00A0C91BC942}") = "P6.01", "..\P6.01\P6.01.vcxproj", "{5C7C5E45-51E4-4464-AAF2-2BC0E5829C64}"
EndProject
Project("{8BC9CEB8-8B4A-11D0-8D11-00A0C91BC942}") = "P6.02", "..\P6.02\P6.02.vcxproj", "{C06D2549-B83F-4114-B236-75E3B32ADEE2}"
EndProject
Project("{8BC9CEB8-8B4A-11D0-8D11-00A0C91BC942}") = "P6.03", "..\P6.03\P6.03.vcxproj", "{3BE53C97-BBAD-453C-A5AC-3DC5D4FD3C50}"
EndProject
Project("{8BC9CEB8-8B4A-11D0-8D11-00A0C91BC942}") = "P6.04", "..\P6.04\P6.04.vcxproj", "{413DCC47-EE00-4FF1-A8B9-54C1F018B330}"
EndProject
Project("{8BC9CEB8-8B4A-11D0-8D11-00A0C91BC942}") = "P6.05", "..\P6.05\P6.05.vcxproj", "{F7B06F89-521A-469A-AA9F-A621B5CB1252}"
EndProject
Project("{8BC9CEB8-8B4A-11D0-8D11-00A0C91BC942}") = "P6.06", "..\P6.06\P6.06.vcxproj", "{AC12D449-28BE-4FE9-8759-8FBED46FB09D}"
EndProject
Project("{8BC9CEB8-8B4A-11D0-8D11-00A0C91BC942}") = "P6.07", "..\P6.07\P6.07.vcxproj", "{2DF67B65-0109-44FF-8F00-653C4AEDEA1E}"
EndProject
Project("{8BC9CEB8-8B4A-11D0-8D11-00A0C91BC942}") = "P6.08", "..\P6.08\P6.08.vcxproj", "{D76BA777-1D08-44DF-A91F-8F05B4D8B35F}"
EndProject
Project("{8BC9CEB8-8B4A-11D0-8D11-00A0C91BC942}") = "P6.09", "..\P6.09\P6.09.vcxproj", "{54BBF105-0909-4A3C-A872-577E7520AC2B}"
EndProject
Project("{8BC9CEB8-8B4A-11D0-8D11-00A0C91BC942}") = "P6.10", "..\P6.10\P6.10.vcxproj", "{BDDEF7E5-668E-49DE-BC50-6FB868109202}"
EndProject
Project("{8BC9CEB8-8B4A-11D0-8D11-00A0C91BC942}") = "P7.01", "..\P7.01\P7.01.vcxproj", "{A1827EB7-1D48-45A3-A0A5-A62596CCE260}"
EndProject
Project("{8BC9CEB8-8B4A-11D0-8D11-00A0C91BC942}") = "P7.02", "..\P7.02\P7.02.vcxproj", "{8C2723CC-815F-499A-BE10-2B054D1D9FB0}"
EndProject
Project("{8BC9CEB8-8B4A-11D0-8D11-00A0C91BC942}") = "P7.03", "..\P7.03\P7.03.vcxproj", "{DBAE3836-AE54-4487-B464-6D6CA2EC4399}"
EndProject
Project("{8BC9CEB8-8B4A-11D0-8D11-00A0C91BC942}") = "P7.04", "..\P7.04\P7.04.vcxproj", "{C6166145-D9DC-4C33-8100-6FE90DF8676A}"
EndProject
Project("{8BC9CEB8-8B4A-11D0-8D11-00A0C91BC942}") = "P7.05", "..\P7.05\P7.05.vcxproj", "{BD8F5D33-7B92-4AB6-970C-EF4050BEE270}"
EndProject
Project("{8BC9CEB8-8B4A-11D0-8D11-00A0C91BC942}") = "P7.06", "..\P7.06\P7.06.vcxproj", "{B4B4224C-ED61-4E17-9A10-CCB78919EDA2}"
EndProject
Project("{8BC9CEB8-8B4A-11D0-8D11-00A0C91BC942}") = "P7.07", "..\P7.07\P7.07.vcxproj", "{89A9C4F9-B95B-4E35-9CAB-90BEABB86D9B}"
EndProject
Project("{8BC9CEB8-8B4A-11D0-8D11-00A0C91BC942}") = "P7.08", "..\P7.08\P7.08.vcxproj", "{8D695D47-EBB4-43DD-8E90-0E7A16D3D61E}"
EndProject
Project("{8BC9CEB8-8B4A-11D0-8D11-00A0C91BC942}") = "P7.09", "..\P7.09\P7.09.vcxproj", "{5C97C1A6-2BA2-41D5-AE18-788072BF2CF6}"
EndProject
Project("{8BC9CEB8-8B4A-11D0-8D11-00A0C91BC942}") = "P7.10", "..\P7.10\P7.10.vcxproj", "{CD8B2CE4-0CB6-478E-A876-452C72C1E971}"
EndProject
Project("{8BC9CEB8-8B4A-11D0-8D11-00A0C91BC942}") = "P2.07", "..\P2.07\P2.07.vcxproj", "{64288DF2-E0BA-4C5B-9BDD-B92D1E372B61}"
EndProject
Project("{8BC9CEB8-8B4A-11D0-8D11-00A0C91BC942}") = "P2.10", "..\P2.10\P2.10.vcxproj", "{C08EEAB2-B164-404E-AE39-EA07AA0F4131}"
EndProject
Project("{8BC9CEB8-8B4A-11D0-8D11-00A0C91BC942}") = "P3.08", "..\P3.08\P3.08.vcxproj", "{B1CABB47-8A03-4135-92EC-1C5125AC7A3F}"
EndProject
Project("{8BC9CEB8-8B4A-11D0-8D11-00A0C91BC942}") = "P3.02", "..\P3.02\P3.02.vcxproj", "{EF7962EA-9BFA-4995-9F4E-819C128A342F}"
EndProject
Project("{8BC9CEB8-8B4A-11D0-8D11-00A0C91BC942}") = "P4.05", "..\P4.05\P4.05.vcxproj", "{1189C5AB-FDBC-4757-BCA1-3892B9242E57}"
EndProject
Project("{8BC9CEB8-8B4A-11D0-8D11-00A0C91BC942}") = "P4.08", "..\P4.08\P4.08.vcxproj", "{B1EF836D-C46D-4720-BCEC-1F4E9195577A}"
EndProject
Project("{8BC9CEB8-8B4A-11D0-8D11-00A0C91BC942}") = "P4.01", "..\P4.01\P4.01.vcxproj", "{1E57FBB7-0C81-4DC5-8F82-A2611981D91D}"
EndProject
Project("{8BC9CEB8-8B4A-11D0-8D11-00A0C91BC942}") = "P5.08", "..\P5.08\P5.08.vcxproj", "{454B6EE1-E418-48D8-ADE6-37DD7AFEB3EA}"
EndProject
Project("{8BC9CEB8-8B4A-11D0-8D11-00A0C91BC942}") = "P8.01", "..\P8.01\P8.01.vcxproj", "{799CBBA3-1517-4F00-B1A3-D6452ADBEBF0}"
EndProject
Project("{8BC9CEB8-8B4A-11D0-8D11-00A0C91BC942}") = "P9.08", "..\P9.08\P9.08.vcxproj", "{016E7C39-6765-4C4A-9831-6B43A90AC0E6}"
EndProject
Project("{8BC9CEB8-8B4A-11D0-8D11-00A0C91BC942}") = "P9.07", "..\P9.07\P9.07.vcxproj", "{85202F34-ED78-461E-A2A7-9FFD7549B004}"
EndProject
Project("{8BC9CEB8-8B4A-11D0-8D11-00A0C91BC942}") = "P9.02", "..\P9.02\P9.02.vcxproj", "{A56ABC3E-7900-482E-99BD-EAC316398F41}"
EndProject
Project("{8BC9CEB8-8B4A-11D0-8D11-00A0C91BC942}") = "P10.05", "..\P10.05\P10.05.vcxproj", "{E372578D-10FA-40D3-BCFC-659E1AC00E50}"
EndProject
Project("{8BC9CEB8-8B4A-11D0-8D11-00A0C91BC942}") = "P8.09 new", "..\P8.09 new\P8.09 new.vcxproj", "{741C6B00-2CE6-42D1-9DA1-12A049AF8DD3}"
EndProject
Project("{8BC9CEB8-8B4A-11D0-8D11-00A0C91BC942}") = "ASCII", "..\ASCII\ASCII.vcxproj", "{469C70C6-E608-4E06-ACEB-3118B5A3FEBE}"
EndProject
Project("{8BC9CEB8-8B4A-11D0-8D11-00A0C91BC942}") = "Ticket", "..\Ticket\Ticket.vcxproj", "{068C7F6A-4020-4DC3-846A-2E0E1CBF5F7A}"
EndProject
Global
	GlobalSection(SolutionConfigurationPlatforms) = preSolution
		Debug|x64 = Debug|x64
		Debug|x86 = Debug|x86
		Release|x64 = Release|x64
		Release|x86 = Release|x86
	EndGlobalSection
	GlobalSection(ProjectConfigurationPlatforms) = postSolution
		{C43972E2-6270-447A-A440-9ED9CCD9B699}.Debug|x64.ActiveCfg = Debug|x64
		{C43972E2-6270-447A-A440-9ED9CCD9B699}.Debug|x64.Build.0 = Debug|x64
		{C43972E2-6270-447A-A440-9ED9CCD9B699}.Debug|x86.ActiveCfg = Debug|Win32
		{C43972E2-6270-447A-A440-9ED9CCD9B699}.Debug|x86.Build.0 = Debug|Win32
		{C43972E2-6270-447A-A440-9ED9CCD9B699}.Release|x64.ActiveCfg = Release|x64
		{C43972E2-6270-447A-A440-9ED9CCD9B699}.Release|x64.Build.0 = Release|x64
		{C43972E2-6270-447A-A440-9ED9CCD9B699}.Release|x86.ActiveCfg = Release|Win32
		{C43972E2-6270-447A-A440-9ED9CCD9B699}.Release|x86.Build.0 = Release|Win32
		{5C7C5E45-51E4-4464-AAF2-2BC0E5829C64}.Debug|x64.ActiveCfg = Debug|x64
		{5C7C5E45-51E4-4464-AAF2-2BC0E5829C64}.Debug|x64.Build.0 = Debug|x64
		{5C7C5E45-51E4-4464-AAF2-2BC0E5829C64}.Debug|x86.ActiveCfg = Debug|Win32
		{5C7C5E45-51E4-4464-AAF2-2BC0E5829C64}.Debug|x86.Build.0 = Debug|Win32
		{5C7C5E45-51E4-4464-AAF2-2BC0E5829C64}.Release|x64.ActiveCfg = Release|x64
		{5C7C5E45-51E4-4464-AAF2-2BC0E5829C64}.Release|x64.Build.0 = Release|x64
		{5C7C5E45-51E4-4464-AAF2-2BC0E5829C64}.Release|x86.ActiveCfg = Release|Win32
		{5C7C5E45-51E4-4464-AAF2-2BC0E5829C64}.Release|x86.Build.0 = Release|Win32
		{C06D2549-B83F-4114-B236-75E3B32ADEE2}.Debug|x64.ActiveCfg = Debug|x64
		{C06D2549-B83F-4114-B236-75E3B32ADEE2}.Debug|x64.Build.0 = Debug|x64
		{C06D2549-B83F-4114-B236-75E3B32ADEE2}.Debug|x86.ActiveCfg = Debug|Win32
		{C06D2549-B83F-4114-B236-75E3B32ADEE2}.Debug|x86.Build.0 = Debug|Win32
		{C06D2549-B83F-4114-B236-75E3B32ADEE2}.Release|x64.ActiveCfg = Release|x64
		{C06D2549-B83F-4114-B236-75E3B32ADEE2}.Release|x64.Build.0 = Release|x64
		{C06D2549-B83F-4114-B236-75E3B32ADEE2}.Release|x86.ActiveCfg = Release|Win32
		{C06D2549-B83F-4114-B236-75E3B32ADEE2}.Release|x86.Build.0 = Release|Win32
		{3BE53C97-BBAD-453C-A5AC-3DC5D4FD3C50}.Debug|x64.ActiveCfg = Debug|x64
		{3BE53C97-BBAD-453C-A5AC-3DC5D4FD3C50}.Debug|x64.Build.0 = Debug|x64
		{3BE53C97-BBAD-453C-A5AC-3DC5D4FD3C50}.Debug|x86.ActiveCfg = Debug|Win32
		{3BE53C97-BBAD-453C-A5AC-3DC5D4FD3C50}.Debug|x86.Build.0 = Debug|Win32
		{3BE53C97-BBAD-453C-A5AC-3DC5D4FD3C50}.Release|x64.ActiveCfg = Release|x64
		{3BE53C97-BBAD-453C-A5AC-3DC5D4FD3C50}.Release|x64.Build.0 = Release|x64
		{3BE53C97-BBAD-453C-A5AC-3DC5D4FD3C50}.Release|x86.ActiveCfg = Release|Win32
		{3BE53C97-BBAD-453C-A5AC-3DC5D4FD3C50}.Release|x86.Build.0 = Release|Win32
		{413DCC47-EE00-4FF1-A8B9-54C1F018B330}.Debug|x64.ActiveCfg = Debug|x64
		{413DCC47-EE00-4FF1-A8B9-54C1F018B330}.Debug|x64.Build.0 = Debug|x64
		{413DCC47-EE00-4FF1-A8B9-54C1F018B330}.Debug|x86.ActiveCfg = Debug|Win32
		{413DCC47-EE00-4FF1-A8B9-54C1F018B330}.Debug|x86.Build.0 = Debug|Win32
		{413DCC47-EE00-4FF1-A8B9-54C1F018B330}.Release|x64.ActiveCfg = Release|x64
		{413DCC47-EE00-4FF1-A8B9-54C1F018B330}.Release|x64.Build.0 = Release|x64
		{413DCC47-EE00-4FF1-A8B9-54C1F018B330}.Release|x86.ActiveCfg = Release|Win32
		{413DCC47-EE00-4FF1-A8B9-54C1F018B330}.Release|x86.Build.0 = Release|Win32
		{F7B06F89-521A-469A-AA9F-A621B5CB1252}.Debug|x64.ActiveCfg = Debug|x64
		{F7B06F89-521A-469A-AA9F-A621B5CB1252}.Debug|x64.Build.0 = Debug|x64
		{F7B06F89-521A-469A-AA9F-A621B5CB1252}.Debug|x86.ActiveCfg = Debug|Win32
		{F7B06F89-521A-469A-AA9F-A621B5CB1252}.Debug|x86.Build.0 = Debug|Win32
		{F7B06F89-521A-469A-AA9F-A621B5CB1252}.Release|x64.ActiveCfg = Release|x64
		{F7B06F89-521A-469A-AA9F-A621B5CB1252}.Release|x64.Build.0 = Release|x64
		{F7B06F89-521A-469A-AA9F-A621B5CB1252}.Release|x86.ActiveCfg = Release|Win32
		{F7B06F89-521A-469A-AA9F-A621B5CB1252}.Release|x86.Build.0 = Release|Win32
		{AC12D449-28BE-4FE9-8759-8FBED46FB09D}.Debug|x64.ActiveCfg = Debug|x64
		{AC12D449-28BE-4FE9-8759-8FBED46FB09D}.Debug|x64.Build.0 = Debug|x64
		{AC12D449-28BE-4FE9-8759-8FBED46FB09D}.Debug|x86.ActiveCfg = Debug|Win32
		{AC12D449-28BE-4FE9-8759-8FBED46FB09D}.Debug|x86.Build.0 = Debug|Win32
		{AC12D449-28BE-4FE9-8759-8FBED46FB09D}.Release|x64.ActiveCfg = Release|x64
		{AC12D449-28BE-4FE9-8759-8FBED46FB09D}.Release|x64.Build.0 = Release|x64
		{AC12D449-28BE-4FE9-8759-8FBED46FB09D}.Release|x86.ActiveCfg = Release|Win32
		{AC12D449-28BE-4FE9-8759-8FBED46FB09D}.Release|x86.Build.0 = Release|Win32
		{2DF67B65-0109-44FF-8F00-653C4AEDEA1E}.Debug|x64.ActiveCfg = Debug|x64
		{2DF67B65-0109-44FF-8F00-653C4AEDEA1E}.Debug|x64.Build.0 = Debug|x64
		{2DF67B65-0109-44FF-8F00-653C4AEDEA1E}.Debug|x86.ActiveCfg = Debug|Win32
		{2DF67B65-0109-44FF-8F00-653C4AEDEA1E}.Debug|x86.Build.0 = Debug|Win32
		{2DF67B65-0109-44FF-8F00-653C4AEDEA1E}.Release|x64.ActiveCfg = Release|x64
		{2DF67B65-0109-44FF-8F00-653C4AEDEA1E}.Release|x64.Build.0 = Release|x64
		{2DF67B65-0109-44FF-8F00-653C4AEDEA1E}.Release|x86.ActiveCfg = Release|Win32
		{2DF67B65-0109-44FF-8F00-653C4AEDEA1E}.Release|x86.Build.0 = Release|Win32
		{D76BA777-1D08-44DF-A91F-8F05B4D8B35F}.Debug|x64.ActiveCfg = Debug|x64
		{D76BA777-1D08-44DF-A91F-8F05B4D8B35F}.Debug|x64.Build.0 = Debug|x64
		{D76BA777-1D08-44DF-A91F-8F05B4D8B35F}.Debug|x86.ActiveCfg = Debug|Win32
		{D76BA777-1D08-44DF-A91F-8F05B4D8B35F}.Debug|x86.Build.0 = Debug|Win32
		{D76BA777-1D08-44DF-A91F-8F05B4D8B35F}.Release|x64.ActiveCfg = Release|x64
		{D76BA777-1D08-44DF-A91F-8F05B4D8B35F}.Release|x64.Build.0 = Release|x64
		{D76BA777-1D08-44DF-A91F-8F05B4D8B35F}.Release|x86.ActiveCfg = Release|Win32
		{D76BA777-1D08-44DF-A91F-8F05B4D8B35F}.Release|x86.Build.0 = Release|Win32
		{54BBF105-0909-4A3C-A872-577E7520AC2B}.Debug|x64.ActiveCfg = Debug|x64
		{54BBF105-0909-4A3C-A872-577E7520AC2B}.Debug|x64.Build.0 = Debug|x64
		{54BBF105-0909-4A3C-A872-577E7520AC2B}.Debug|x86.ActiveCfg = Debug|Win32
		{54BBF105-0909-4A3C-A872-577E7520AC2B}.Debug|x86.Build.0 = Debug|Win32
		{54BBF105-0909-4A3C-A872-577E7520AC2B}.Release|x64.ActiveCfg = Release|x64
		{54BBF105-0909-4A3C-A872-577E7520AC2B}.Release|x64.Build.0 = Release|x64
		{54BBF105-0909-4A3C-A872-577E7520AC2B}.Release|x86.ActiveCfg = Release|Win32
		{54BBF105-0909-4A3C-A872-577E7520AC2B}.Release|x86.Build.0 = Release|Win32
		{BDDEF7E5-668E-49DE-BC50-6FB868109202}.Debug|x64.ActiveCfg = Debug|x64
		{BDDEF7E5-668E-49DE-BC50-6FB868109202}.Debug|x64.Build.0 = Debug|x64
		{BDDEF7E5-668E-49DE-BC50-6FB868109202}.Debug|x86.ActiveCfg = Debug|Win32
		{BDDEF7E5-668E-49DE-BC50-6FB868109202}.Debug|x86.Build.0 = Debug|Win32
		{BDDEF7E5-668E-49DE-BC50-6FB868109202}.Release|x64.ActiveCfg = Release|x64
		{BDDEF7E5-668E-49DE-BC50-6FB868109202}.Release|x64.Build.0 = Release|x64
		{BDDEF7E5-668E-49DE-BC50-6FB868109202}.Release|x86.ActiveCfg = Release|Win32
		{BDDEF7E5-668E-49DE-BC50-6FB868109202}.Release|x86.Build.0 = Release|Win32
		{A1827EB7-1D48-45A3-A0A5-A62596CCE260}.Debug|x64.ActiveCfg = Debug|x64
		{A1827EB7-1D48-45A3-A0A5-A62596CCE260}.Debug|x64.Build.0 = Debug|x64
		{A1827EB7-1D48-45A3-A0A5-A62596CCE260}.Debug|x86.ActiveCfg = Debug|Win32
		{A1827EB7-1D48-45A3-A0A5-A62596CCE260}.Debug|x86.Build.0 = Debug|Win32
		{A1827EB7-1D48-45A3-A0A5-A62596CCE260}.Release|x64.ActiveCfg = Release|x64
		{A1827EB7-1D48-45A3-A0A5-A62596CCE260}.Release|x64.Build.0 = Release|x64
		{A1827EB7-1D48-45A3-A0A5-A62596CCE260}.Release|x86.ActiveCfg = Release|Win32
		{A1827EB7-1D48-45A3-A0A5-A62596CCE260}.Release|x86.Build.0 = Release|Win32
		{8C2723CC-815F-499A-BE10-2B054D1D9FB0}.Debug|x64.ActiveCfg = Debug|x64
		{8C2723CC-815F-499A-BE10-2B054D1D9FB0}.Debug|x64.Build.0 = Debug|x64
		{8C2723CC-815F-499A-BE10-2B054D1D9FB0}.Debug|x86.ActiveCfg = Debug|Win32
		{8C2723CC-815F-499A-BE10-2B054D1D9FB0}.Debug|x86.Build.0 = Debug|Win32
		{8C2723CC-815F-499A-BE10-2B054D1D9FB0}.Release|x64.ActiveCfg = Release|x64
		{8C2723CC-815F-499A-BE10-2B054D1D9FB0}.Release|x64.Build.0 = Release|x64
		{8C2723CC-815F-499A-BE10-2B054D1D9FB0}.Release|x86.ActiveCfg = Release|Win32
		{8C2723CC-815F-499A-BE10-2B054D1D9FB0}.Release|x86.Build.0 = Release|Win32
		{DBAE3836-AE54-4487-B464-6D6CA2EC4399}.Debug|x64.ActiveCfg = Debug|x64
		{DBAE3836-AE54-4487-B464-6D6CA2EC4399}.Debug|x64.Build.0 = Debug|x64
		{DBAE3836-AE54-4487-B464-6D6CA2EC4399}.Debug|x86.ActiveCfg = Debug|Win32
		{DBAE3836-AE54-4487-B464-6D6CA2EC4399}.Debug|x86.Build.0 = Debug|Win32
		{DBAE3836-AE54-4487-B464-6D6CA2EC4399}.Release|x64.ActiveCfg = Release|x64
		{DBAE3836-AE54-4487-B464-6D6CA2EC4399}.Release|x64.Build.0 = Release|x64
		{DBAE3836-AE54-4487-B464-6D6CA2EC4399}.Release|x86.ActiveCfg = Release|Win32
		{DBAE3836-AE54-4487-B464-6D6CA2EC4399}.Release|x86.Build.0 = Release|Win32
		{C6166145-D9DC-4C33-8100-6FE90DF8676A}.Debug|x64.ActiveCfg = Debug|x64
		{C6166145-D9DC-4C33-8100-6FE90DF8676A}.Debug|x64.Build.0 = Debug|x64
		{C6166145-D9DC-4C33-8100-6FE90DF8676A}.Debug|x86.ActiveCfg = Debug|Win32
		{C6166145-D9DC-4C33-8100-6FE90DF8676A}.Debug|x86.Build.0 = Debug|Win32
		{C6166145-D9DC-4C33-8100-6FE90DF8676A}.Release|x64.ActiveCfg = Release|x64
		{C6166145-D9DC-4C33-8100-6FE90DF8676A}.Release|x64.Build.0 = Release|x64
		{C6166145-D9DC-4C33-8100-6FE90DF8676A}.Release|x86.ActiveCfg = Release|Win32
		{C6166145-D9DC-4C33-8100-6FE90DF8676A}.Release|x86.Build.0 = Release|Win32
		{BD8F5D33-7B92-4AB6-970C-EF4050BEE270}.Debug|x64.ActiveCfg = Debug|x64
		{BD8F5D33-7B92-4AB6-970C-EF4050BEE270}.Debug|x64.Build.0 = Debug|x64
		{BD8F5D33-7B92-4AB6-970C-EF4050BEE270}.Debug|x86.ActiveCfg = Debug|Win32
		{BD8F5D33-7B92-4AB6-970C-EF4050BEE270}.Debug|x86.Build.0 = Debug|Win32
		{BD8F5D33-7B92-4AB6-970C-EF4050BEE270}.Release|x64.ActiveCfg = Release|x64
		{BD8F5D33-7B92-4AB6-970C-EF4050BEE270}.Release|x64.Build.0 = Release|x64
		{BD8F5D33-7B92-4AB6-970C-EF4050BEE270}.Release|x86.ActiveCfg = Release|Win32
		{BD8F5D33-7B92-4AB6-970C-EF4050BEE270}.Release|x86.Build.0 = Release|Win32
		{B4B4224C-ED61-4E17-9A10-CCB78919EDA2}.Debug|x64.ActiveCfg = Debug|x64
		{B4B4224C-ED61-4E17-9A10-CCB78919EDA2}.Debug|x64.Build.0 = Debug|x64
		{B4B4224C-ED61-4E17-9A10-CCB78919EDA2}.Debug|x86.ActiveCfg = Debug|Win32
		{B4B4224C-ED61-4E17-9A10-CCB78919EDA2}.Debug|x86.Build.0 = Debug|Win32
		{B4B4224C-ED61-4E17-9A10-CCB78919EDA2}.Release|x64.ActiveCfg = Release|x64
		{B4B4224C-ED61-4E17-9A10-CCB78919EDA2}.Release|x64.Build.0 = Release|x64
		{B4B4224C-ED61-4E17-9A10-CCB78919EDA2}.Release|x86.ActiveCfg = Release|Win32
		{B4B4224C-ED61-4E17-9A10-CCB78919EDA2}.Release|x86.Build.0 = Release|Win32
		{89A9C4F9-B95B-4E35-9CAB-90BEABB86D9B}.Debug|x64.ActiveCfg = Debug|x64
		{89A9C4F9-B95B-4E35-9CAB-90BEABB86D9B}.Debug|x64.Build.0 = Debug|x64
		{89A9C4F9-B95B-4E35-9CAB-90BEABB86D9B}.Debug|x86.ActiveCfg = Debug|Win32
		{89A9C4F9-B95B-4E35-9CAB-90BEABB86D9B}.Debug|x86.Build.0 = Debug|Win32
		{89A9C4F9-B95B-4E35-9CAB-90BEABB86D9B}.Release|x64.ActiveCfg = Release|x64
		{89A9C4F9-B95B-4E35-9CAB-90BEABB86D9B}.Release|x64.Build.0 = Release|x64
		{89A9C4F9-B95B-4E35-9CAB-90BEABB86D9B}.Release|x86.ActiveCfg = Release|Win32
		{89A9C4F9-B95B-4E35-9CAB-90BEABB86D9B}.Release|x86.Build.0 = Release|Win32
		{8D695D47-EBB4-43DD-8E90-0E7A16D3D61E}.Debug|x64.ActiveCfg = Debug|x64
		{8D695D47-EBB4-43DD-8E90-0E7A16D3D61E}.Debug|x64.Build.0 = Debug|x64
		{8D695D47-EBB4-43DD-8E90-0E7A16D3D61E}.Debug|x86.ActiveCfg = Debug|Win32
		{8D695D47-EBB4-43DD-8E90-0E7A16D3D61E}.Debug|x86.Build.0 = Debug|Win32
		{8D695D47-EBB4-43DD-8E90-0E7A16D3D61E}.Release|x64.ActiveCfg = Release|x64
		{8D695D47-EBB4-43DD-8E90-0E7A16D3D61E}.Release|x64.Build.0 = Release|x64
		{8D695D47-EBB4-43DD-8E90-0E7A16D3D61E}.Release|x86.ActiveCfg = Release|Win32
		{8D695D47-EBB4-43DD-8E90-0E7A16D3D61E}.Release|x86.Build.0 = Release|Win32
		{5C97C1A6-2BA2-41D5-AE18-788072BF2CF6}.Debug|x64.ActiveCfg = Debug|x64
		{5C97C1A6-2BA2-41D5-AE18-788072BF2CF6}.Debug|x64.Build.0 = Debug|x64
		{5C97C1A6-2BA2-41D5-AE18-788072BF2CF6}.Debug|x86.ActiveCfg = Debug|Win32
		{5C97C1A6-2BA2-41D5-AE18-788072BF2CF6}.Debug|x86.Build.0 = Debug|Win32
		{5C97C1A6-2BA2-41D5-AE18-788072BF2CF6}.Release|x64.ActiveCfg = Release|x64
		{5C97C1A6-2BA2-41D5-AE18-788072BF2CF6}.Release|x64.Build.0 = Release|x64
		{5C97C1A6-2BA2-41D5-AE18-788072BF2CF6}.Release|x86.ActiveCfg = Release|Win32
		{5C97C1A6-2BA2-41D5-AE18-788072BF2CF6}.Release|x86.Build.0 = Release|Win32
		{CD8B2CE4-0CB6-478E-A876-452C72C1E971}.Debug|x64.ActiveCfg = Debug|x64
		{CD8B2CE4-0CB6-478E-A876-452C72C1E971}.Debug|x64.Build.0 = Debug|x64
		{CD8B2CE4-0CB6-478E-A876-452C72C1E971}.Debug|x86.ActiveCfg = Debug|Win32
		{CD8B2CE4-0CB6-478E-A876-452C72C1E971}.Debug|x86.Build.0 = Debug|Win32
		{CD8B2CE4-0CB6-478E-A876-452C72C1E971}.Release|x64.ActiveCfg = Release|x64
		{CD8B2CE4-0CB6-478E-A876-452C72C1E971}.Release|x64.Build.0 = Release|x64
		{CD8B2CE4-0CB6-478E-A876-452C72C1E971}.Release|x86.ActiveCfg = Release|Win32
		{CD8B2CE4-0CB6-478E-A876-452C72C1E971}.Release|x86.Build.0 = Release|Win32
		{64288DF2-E0BA-4C5B-9BDD-B92D1E372B61}.Debug|x64.ActiveCfg = Debug|x64
		{64288DF2-E0BA-4C5B-9BDD-B92D1E372B61}.Debug|x64.Build.0 = Debug|x64
		{64288DF2-E0BA-4C5B-9BDD-B92D1E372B61}.Debug|x86.ActiveCfg = Debug|Win32
		{64288DF2-E0BA-4C5B-9BDD-B92D1E372B61}.Debug|x86.Build.0 = Debug|Win32
		{64288DF2-E0BA-4C5B-9BDD-B92D1E372B61}.Release|x64.ActiveCfg = Release|x64
		{64288DF2-E0BA-4C5B-9BDD-B92D1E372B61}.Release|x64.Build.0 = Release|x64
		{64288DF2-E0BA-4C5B-9BDD-B92D1E372B61}.Release|x86.ActiveCfg = Release|Win32
		{64288DF2-E0BA-4C5B-9BDD-B92D1E372B61}.Release|x86.Build.0 = Release|Win32
		{C08EEAB2-B164-404E-AE39-EA07AA0F4131}.Debug|x64.ActiveCfg = Debug|x64
		{C08EEAB2-B164-404E-AE39-EA07AA0F4131}.Debug|x64.Build.0 = Debug|x64
		{C08EEAB2-B164-404E-AE39-EA07AA0F4131}.Debug|x86.ActiveCfg = Debug|Win32
		{C08EEAB2-B164-404E-AE39-EA07AA0F4131}.Debug|x86.Build.0 = Debug|Win32
		{C08EEAB2-B164-404E-AE39-EA07AA0F4131}.Release|x64.ActiveCfg = Release|x64
		{C08EEAB2-B164-404E-AE39-EA07AA0F4131}.Release|x64.Build.0 = Release|x64
		{C08EEAB2-B164-404E-AE39-EA07AA0F4131}.Release|x86.ActiveCfg = Release|Win32
		{C08EEAB2-B164-404E-AE39-EA07AA0F4131}.Release|x86.Build.0 = Release|Win32
		{B1CABB47-8A03-4135-92EC-1C5125AC7A3F}.Debug|x64.ActiveCfg = Debug|x64
		{B1CABB47-8A03-4135-92EC-1C5125AC7A3F}.Debug|x64.Build.0 = Debug|x64
		{B1CABB47-8A03-4135-92EC-1C5125AC7A3F}.Debug|x86.ActiveCfg = Debug|Win32
		{B1CABB47-8A03-4135-92EC-1C5125AC7A3F}.Debug|x86.Build.0 = Debug|Win32
		{B1CABB47-8A03-4135-92EC-1C5125AC7A3F}.Release|x64.ActiveCfg = Release|x64
		{B1CABB47-8A03-4135-92EC-1C5125AC7A3F}.Release|x64.Build.0 = Release|x64
		{B1CABB47-8A03-4135-92EC-1C5125AC7A3F}.Release|x86.ActiveCfg = Release|Win32
		{B1CABB47-8A03-4135-92EC-1C5125AC7A3F}.Release|x86.Build.0 = Release|Win32
		{EF7962EA-9BFA-4995-9F4E-819C128A342F}.Debug|x64.ActiveCfg = Debug|x64
		{EF7962EA-9BFA-4995-9F4E-819C128A342F}.Debug|x64.Build.0 = Debug|x64
		{EF7962EA-9BFA-4995-9F4E-819C128A342F}.Debug|x86.ActiveCfg = Debug|Win32
		{EF7962EA-9BFA-4995-9F4E-819C128A342F}.Debug|x86.Build.0 = Debug|Win32
		{EF7962EA-9BFA-4995-9F4E-819C128A342F}.Release|x64.ActiveCfg = Release|x64
		{EF7962EA-9BFA-4995-9F4E-819C128A342F}.Release|x64.Build.0 = Release|x64
		{EF7962EA-9BFA-4995-9F4E-819C128A342F}.Release|x86.ActiveCfg = Release|Win32
		{EF7962EA-9BFA-4995-9F4E-819C128A342F}.Release|x86.Build.0 = Release|Win32
		{1189C5AB-FDBC-4757-BCA1-3892B9242E57}.Debug|x64.ActiveCfg = Debug|x64
		{1189C5AB-FDBC-4757-BCA1-3892B9242E57}.Debug|x64.Build.0 = Debug|x64
		{1189C5AB-FDBC-4757-BCA1-3892B9242E57}.Debug|x86.ActiveCfg = Debug|Win32
		{1189C5AB-FDBC-4757-BCA1-3892B9242E57}.Debug|x86.Build.0 = Debug|Win32
		{1189C5AB-FDBC-4757-BCA1-3892B9242E57}.Release|x64.ActiveCfg = Release|x64
		{1189C5AB-FDBC-4757-BCA1-3892B9242E57}.Release|x64.Build.0 = Release|x64
		{1189C5AB-FDBC-4757-BCA1-3892B9242E57}.Release|x86.ActiveCfg = Release|Win32
		{1189C5AB-FDBC-4757-BCA1-3892B9242E57}.Release|x86.Build.0 = Release|Win32
		{B1EF836D-C46D-4720-BCEC-1F4E9195577A}.Debug|x64.ActiveCfg = Debug|x64
		{B1EF836D-C46D-4720-BCEC-1F4E9195577A}.Debug|x64.Build.0 = Debug|x64
		{B1EF836D-C46D-4720-BCEC-1F4E9195577A}.Debug|x86.ActiveCfg = Debug|Win32
		{B1EF836D-C46D-4720-BCEC-1F4E9195577A}.Debug|x86.Build.0 = Debug|Win32
		{B1EF836D-C46D-4720-BCEC-1F4E9195577A}.Release|x64.ActiveCfg = Release|x64
		{B1EF836D-C46D-4720-BCEC-1F4E9195577A}.Release|x64.Build.0 = Release|x64
		{B1EF836D-C46D-4720-BCEC-1F4E9195577A}.Release|x86.ActiveCfg = Release|Win32
		{B1EF836D-C46D-4720-BCEC-1F4E9195577A}.Release|x86.Build.0 = Release|Win32
		{1E57FBB7-0C81-4DC5-8F82-A2611981D91D}.Debug|x64.ActiveCfg = Debug|x64
		{1E57FBB7-0C81-4DC5-8F82-A2611981D91D}.Debug|x64.Build.0 = Debug|x64
		{1E57FBB7-0C81-4DC5-8F82-A2611981D91D}.Debug|x86.ActiveCfg = Debug|Win32
		{1E57FBB7-0C81-4DC5-8F82-A2611981D91D}.Debug|x86.Build.0 = Debug|Win32
		{1E57FBB7-0C81-4DC5-8F82-A2611981D91D}.Release|x64.ActiveCfg = Release|x64
		{1E57FBB7-0C81-4DC5-8F82-A2611981D91D}.Release|x64.Build.0 = Release|x64
		{1E57FBB7-0C81-4DC5-8F82-A2611981D91D}.Release|x86.ActiveCfg = Release|Win32
		{1E57FBB7-0C81-4DC5-8F82-A2611981D91D}.Release|x86.Build.0 = Release|Win32
		{454B6EE1-E418-48D8-ADE6-37DD7AFEB3EA}.Debug|x64.ActiveCfg = Debug|x64
		{454B6EE1-E418-48D8-ADE6-37DD7AFEB3EA}.Debug|x64.Build.0 = Debug|x64
		{454B6EE1-E418-48D8-ADE6-37DD7AFEB3EA}.Debug|x86.ActiveCfg = Debug|Win32
		{454B6EE1-E418-48D8-ADE6-37DD7AFEB3EA}.Debug|x86.Build.0 = Debug|Win32
		{454B6EE1-E418-48D8-ADE6-37DD7AFEB3EA}.Release|x64.ActiveCfg = Release|x64
		{454B6EE1-E418-48D8-ADE6-37DD7AFEB3EA}.Release|x64.Build.0 = Release|x64
		{454B6EE1-E418-48D8-ADE6-37DD7AFEB3EA}.Release|x86.ActiveCfg = Release|Win32
		{454B6EE1-E418-48D8-ADE6-37DD7AFEB3EA}.Release|x86.Build.0 = Release|Win32
		{799CBBA3-1517-4F00-B1A3-D6452ADBEBF0}.Debug|x64.ActiveCfg = Debug|x64
		{799CBBA3-1517-4F00-B1A3-D6452ADBEBF0}.Debug|x64.Build.0 = Debug|x64
		{799CBBA3-1517-4F00-B1A3-D6452ADBEBF0}.Debug|x86.ActiveCfg = Debug|Win32
		{799CBBA3-1517-4F00-B1A3-D6452ADBEBF0}.Debug|x86.Build.0 = Debug|Win32
		{799CBBA3-1517-4F00-B1A3-D6452ADBEBF0}.Release|x64.ActiveCfg = Release|x64
		{799CBBA3-1517-4F00-B1A3-D6452ADBEBF0}.Release|x64.Build.0 = Release|x64
		{799CBBA3-1517-4F00-B1A3-D6452ADBEBF0}.Release|x86.ActiveCfg = Release|Win32
		{799CBBA3-1517-4F00-B1A3-D6452ADBEBF0}.Release|x86.Build.0 = Release|Win32
		{016E7C39-6765-4C4A-9831-6B43A90AC0E6}.Debug|x64.ActiveCfg = Debug|x64
		{016E7C39-6765-4C4A-9831-6B43A90AC0E6}.Debug|x64.Build.0 = Debug|x64
		{016E7C39-6765-4C4A-9831-6B43A90AC0E6}.Debug|x86.ActiveCfg = Debug|Win32
		{016E7C39-6765-4C4A-9831-6B43A90AC0E6}.Debug|x86.Build.0 = Debug|Win32
		{016E7C39-6765-4C4A-9831-6B43A90AC0E6}.Release|x64.ActiveCfg = Release|x64
		{016E7C39-6765-4C4A-9831-6B43A90AC0E6}.Release|x64.Build.0 = Release|x64
		{016E7C39-6765-4C4A-9831-6B43A90AC0E6}.Release|x86.ActiveCfg = Release|Win32
		{016E7C39-6765-4C4A-9831-6B43A90AC0E6}.Release|x86.Build.0 = Release|Win32
		{85202F34-ED78-461E-A2A7-9FFD7549B004}.Debug|x64.ActiveCfg = Debug|x64
		{85202F34-ED78-461E-A2A7-9FFD7549B004}.Debug|x64.Build.0 = Debug|x64
		{85202F34-ED78-461E-A2A7-9FFD7549B004}.Debug|x86.ActiveCfg = Debug|Win32
		{85202F34-ED78-461E-A2A7-9FFD7549B004}.Debug|x86.Build.0 = Debug|Win32
		{85202F34-ED78-461E-A2A7-9FFD7549B004}.Release|x64.ActiveCfg = Release|x64
		{85202F34-ED78-461E-A2A7-9FFD7549B004}.Release|x64.Build.0 = Release|x64
		{85202F34-ED78-461E-A2A7-9FFD7549B004}.Release|x86.ActiveCfg = Release|Win32
		{85202F34-ED78-461E-A2A7-9FFD7549B004}.Release|x86.Build.0 = Release|Win32
		{A56ABC3E-7900-482E-99BD-EAC316398F41}.Debug|x64.ActiveCfg = Debug|x64
		{A56ABC3E-7900-482E-99BD-EAC316398F41}.Debug|x64.Build.0 = Debug|x64
		{A56ABC3E-7900-482E-99BD-EAC316398F41}.Debug|x86.ActiveCfg = Debug|Win32
		{A56ABC3E-7900-482E-99BD-EAC316398F41}.Debug|x86.Build.0 = Debug|Win32
		{A56ABC3E-7900-482E-99BD-EAC316398F41}.Release|x64.ActiveCfg = Release|x64
		{A56ABC3E-7900-482E-99BD-EAC316398F41}.Release|x64.Build.0 = Release|x64
		{A56ABC3E-7900-482E-99BD-EAC316398F41}.Release|x86.ActiveCfg = Release|Win32
		{A56ABC3E-7900-482E-99BD-EAC316398F41}.Release|x86.Build.0 = Release|Win32
		{E372578D-10FA-40D3-BCFC-659E1AC00E50}.Debug|x64.ActiveCfg = Debug|x64
		{E372578D-10FA-40D3-BCFC-659E1AC00E50}.Debug|x64.Build.0 = Debug|x64
		{E372578D-10FA-40D3-BCFC-659E1AC00E50}.Debug|x86.ActiveCfg = Debug|Win32
		{E372578D-10FA-40D3-BCFC-659E1AC00E50}.Debug|x86.Build.0 = Debug|Win32
		{E372578D-10FA-40D3-BCFC-659E1AC00E50}.Release|x64.ActiveCfg = Release|x64
		{E372578D-10FA-40D3-BCFC-659E1AC00E50}.Release|x64.Build.0 = Release|x64
		{E372578D-10FA-40D3-BCFC-659E1AC00E50}.Release|x86.ActiveCfg = Release|Win32
		{E372578D-10FA-40D3-BCFC-659E1AC00E50}.Release|x86.Build.0 = Release|Win32
		{741C6B00-2CE6-42D1-9DA1-12A049AF8DD3}.Debug|x64.ActiveCfg = Debug|x64
		{741C6B00-2CE6-42D1-9DA1-12A049AF8DD3}.Debug|x64.Build.0 = Debug|x64
		{741C6B00-2CE6-42D1-9DA1-12A049AF8DD3}.Debug|x86.ActiveCfg = Debug|Win32
		{741C6B00-2CE6-42D1-9DA1-12A049AF8DD3}.Debug|x86.Build.0 = Debug|Win32
		{741C6B00-2CE6-42D1-9DA1-12A049AF8DD3}.Release|x64.ActiveCfg = Release|x64
		{741C6B00-2CE6-42D1-9DA1-12A049AF8DD3}.Release|x64.Build.0 = Release|x64
		{741C6B00-2CE6-42D1-9DA1-12A049AF8DD3}.Release|x86.ActiveCfg = Release|Win32
		{741C6B00-2CE6-42D1-9DA1-12A049AF8DD3}.Release|x86.Build.0 = Release|Win32
		{469C70C6-E608-4E06-ACEB-3118B5A3FEBE}.Debug|x64.ActiveCfg = Debug|x64
		{469C70C6-E608-4E06-ACEB-3118B5A3FEBE}.Debug|x64.Build.0 = Debug|x64
		{469C70C6-E608-4E06-ACEB-3118B5A3FEBE}.Debug|x86.ActiveCfg = Debug|Win32
		{469C70C6-E608-4E06-ACEB-3118B5A3FEBE}.Debug|x86.Build.0 = Debug|Win32
		{469C70C6-E608-4E06-ACEB-3118B5A3FEBE}.Release|x64.ActiveCfg = Release|x64
		{469C70C6-E608-4E06-ACEB-3118B5A3FEBE}.Release|x64.Build.0 = Release|x64
		{469C70C6-E608-4E06-ACEB-3118B5A3FEBE}.Release|x86.ActiveCfg = Release|Win32
		{469C70C6-E608-4E06-ACEB-3118B5A3FEBE}.Release|x86.Build.0 = Release|Win32
		{068C7F6A-4020-4DC3-846A-2E0E1CBF5F7A}.Debug|x64.ActiveCfg = Debug|x64
		{068C7F6A-4020-4DC3-846A-2E0E1CBF5F7A}.Debug|x64.Build.0 = Debug|x64
		{068C7F6A-4020-4DC3-846A-2E0E1CBF5F7A}.Debug|x86.ActiveCfg = Debug|Win32
		{068C7F6A-4020-4DC3-846A-2E0E1CBF5F7A}.Debug|x86.Build.0 = Debug|Win32
		{068C7F6A-4020-4DC3-846A-2E0E1CBF5F7A}.Release|x64.ActiveCfg = Release|x64
		{068C7F6A-4020-4DC3-846A-2E0E1CBF5F7A}.Release|x64.Build.0 = Release|x64
		{068C7F6A-4020-4DC3-846A-2E0E1CBF5F7A}.Release|x86.ActiveCfg = Release|Win32
		{068C7F6A-4020-4DC3-846A-2E0E1CBF5F7A}.Release|x86.Build.0 = Release|Win32
	EndGlobalSection
	GlobalSection(SolutionProperties) = preSolution
		HideSolutionNode = FALSE
	EndGlobalSection
	GlobalSection(ExtensibilityGlobals) = postSolution
		SolutionGuid = {F9612549-37C9-426E-9EBD-FAAC8AC42BF1}
	EndGlobalSection
EndGlobal
